
Microsoft Visual Studio Solution File, Format Version 12.00
# Visual Studio 14
VisualStudioVersion = 14.0.25420.1
MinimumVisualStudioVersion = 10.0.40219.1
Project("{2150E333-8FDC-42A3-9474-1A3956D46DE8}") = "4.6", "4.6", "{C8BAD4C3-5F26-4E3B-820A-270EA2382536}"
EndProject
Project("{2150E333-8FDC-42A3-9474-1A3956D46DE8}") = "core", "core", "{DEAF91D7-01A3-4912-9C2B-A1D8A71DDFC1}"
EndProject
Project("{2150E333-8FDC-42A3-9474-1A3956D46DE8}") = "web", "web", "{23524484-FFD7-48F5-BB17-4677B476B06D}"
EndProject
Project("{2150E333-8FDC-42A3-9474-1A3956D46DE8}") = "services", "services", "{472394A9-6138-4CC1-8DEF-1F8BA847896A}"
EndProject
Project("{2150E333-8FDC-42A3-9474-1A3956D46DE8}") = "web", "web", "{50080F17-E78D-449D-B58A-54FE135957E8}"
EndProject
Project("{2150E333-8FDC-42A3-9474-1A3956D46DE8}") = "windows", "windows", "{1B4BE6CB-1034-4D0A-8E17-06E01A4C9E60}"
EndProject
Project("{FAE04EC0-301F-11D3-BF4B-00C04F79EFBC}") = "master.framework", "master.framework\master.framework.csproj", "{5E670E1D-CAC1-47E1-8EF6-359C36AE51DF}"
EndProject
Project("{2150E333-8FDC-42A3-9474-1A3956D46DE8}") = "test", "test", "{4F4140C8-FC79-42CD-B51D-7A876E96905D}"
EndProject
Project("{FAE04EC0-301F-11D3-BF4B-00C04F79EFBC}") = "master.framework.test", "master.framework.test\master.framework.test.csproj", "{FED1F701-227F-45AE-B1B9-CE3C67FB7DE9}"
EndProject
Project("{FAE04EC0-301F-11D3-BF4B-00C04F79EFBC}") = "master.framework.services.windows", "master.framework.services.windows\master.framework.services.windows.csproj", "{95C3B86A-8860-4BE4-8E15-733157340E55}"
EndProject
Project("{FAE04EC0-301F-11D3-BF4B-00C04F79EFBC}") = "master.framework.web", "master.framework.web\master.framework.web.csproj", "{08691D62-3C27-4275-AFA8-D6B3E024C88E}"
EndProject
Project("{FAE04EC0-301F-11D3-BF4B-00C04F79EFBC}") = "master.framework.web.js", "master.framework.web.js\master.framework.web.js.csproj", "{7884A30A-03E4-4101-ABDE-2064216B064A}"
EndProject
Project("{2150E333-8FDC-42A3-9474-1A3956D46DE8}") = "automation.testing", "automation.testing", "{FC5BDB64-D3C5-4D30-A8AC-84364A60D515}"
EndProject
Project("{FAE04EC0-301F-11D3-BF4B-00C04F79EFBC}") = "master.framework.selenium", "master.framework.selenium\master.framework.selenium.csproj", "{E509DB67-4946-4AF0-9261-F62BE27B015E}"
EndProject
Global
	GlobalSection(SolutionConfigurationPlatforms) = preSolution
		Debug|Any CPU = Debug|Any CPU
		Release|Any CPU = Release|Any CPU
	EndGlobalSection
	GlobalSection(ProjectConfigurationPlatforms) = postSolution
		{5E670E1D-CAC1-47E1-8EF6-359C36AE51DF}.Debug|Any CPU.ActiveCfg = Debug|Any CPU
		{5E670E1D-CAC1-47E1-8EF6-359C36AE51DF}.Debug|Any CPU.Build.0 = Debug|Any CPU
		{5E670E1D-CAC1-47E1-8EF6-359C36AE51DF}.Release|Any CPU.ActiveCfg = Release|Any CPU
		{5E670E1D-CAC1-47E1-8EF6-359C36AE51DF}.Release|Any CPU.Build.0 = Release|Any CPU
		{FED1F701-227F-45AE-B1B9-CE3C67FB7DE9}.Debug|Any CPU.ActiveCfg = Debug|Any CPU
		{FED1F701-227F-45AE-B1B9-CE3C67FB7DE9}.Debug|Any CPU.Build.0 = Debug|Any CPU
		{FED1F701-227F-45AE-B1B9-CE3C67FB7DE9}.Release|Any CPU.ActiveCfg = Release|Any CPU
		{FED1F701-227F-45AE-B1B9-CE3C67FB7DE9}.Release|Any CPU.Build.0 = Release|Any CPU
		{95C3B86A-8860-4BE4-8E15-733157340E55}.Debug|Any CPU.ActiveCfg = Debug|Any CPU
		{95C3B86A-8860-4BE4-8E15-733157340E55}.Debug|Any CPU.Build.0 = Debug|Any CPU
		{95C3B86A-8860-4BE4-8E15-733157340E55}.Release|Any CPU.ActiveCfg = Release|Any CPU
		{95C3B86A-8860-4BE4-8E15-733157340E55}.Release|Any CPU.Build.0 = Release|Any CPU
		{08691D62-3C27-4275-AFA8-D6B3E024C88E}.Debug|Any CPU.ActiveCfg = Debug|Any CPU
		{08691D62-3C27-4275-AFA8-D6B3E024C88E}.Debug|Any CPU.Build.0 = Debug|Any CPU
		{08691D62-3C27-4275-AFA8-D6B3E024C88E}.Release|Any CPU.ActiveCfg = Release|Any CPU
		{08691D62-3C27-4275-AFA8-D6B3E024C88E}.Release|Any CPU.Build.0 = Release|Any CPU
		{7884A30A-03E4-4101-ABDE-2064216B064A}.Debug|Any CPU.ActiveCfg = Debug|Any CPU
		{7884A30A-03E4-4101-ABDE-2064216B064A}.Debug|Any CPU.Build.0 = Debug|Any CPU
		{7884A30A-03E4-4101-ABDE-2064216B064A}.Release|Any CPU.ActiveCfg = Release|Any CPU
		{7884A30A-03E4-4101-ABDE-2064216B064A}.Release|Any CPU.Build.0 = Release|Any CPU
		{E509DB67-4946-4AF0-9261-F62BE27B015E}.Debug|Any CPU.ActiveCfg = Debug|Any CPU
		{E509DB67-4946-4AF0-9261-F62BE27B015E}.Debug|Any CPU.Build.0 = Debug|Any CPU
		{E509DB67-4946-4AF0-9261-F62BE27B015E}.Release|Any CPU.ActiveCfg = Release|Any CPU
		{E509DB67-4946-4AF0-9261-F62BE27B015E}.Release|Any CPU.Build.0 = Release|Any CPU
	EndGlobalSection
	GlobalSection(SolutionProperties) = preSolution
		HideSolutionNode = FALSE
	EndGlobalSection
	GlobalSection(NestedProjects) = preSolution
		{DEAF91D7-01A3-4912-9C2B-A1D8A71DDFC1} = {C8BAD4C3-5F26-4E3B-820A-270EA2382536}
		{23524484-FFD7-48F5-BB17-4677B476B06D} = {C8BAD4C3-5F26-4E3B-820A-270EA2382536}
		{472394A9-6138-4CC1-8DEF-1F8BA847896A} = {C8BAD4C3-5F26-4E3B-820A-270EA2382536}
		{50080F17-E78D-449D-B58A-54FE135957E8} = {472394A9-6138-4CC1-8DEF-1F8BA847896A}
		{1B4BE6CB-1034-4D0A-8E17-06E01A4C9E60} = {472394A9-6138-4CC1-8DEF-1F8BA847896A}
		{5E670E1D-CAC1-47E1-8EF6-359C36AE51DF} = {DEAF91D7-01A3-4912-9C2B-A1D8A71DDFC1}
		{4F4140C8-FC79-42CD-B51D-7A876E96905D} = {C8BAD4C3-5F26-4E3B-820A-270EA2382536}
		{FED1F701-227F-45AE-B1B9-CE3C67FB7DE9} = {4F4140C8-FC79-42CD-B51D-7A876E96905D}
		{95C3B86A-8860-4BE4-8E15-733157340E55} = {1B4BE6CB-1034-4D0A-8E17-06E01A4C9E60}
		{08691D62-3C27-4275-AFA8-D6B3E024C88E} = {23524484-FFD7-48F5-BB17-4677B476B06D}
		{7884A30A-03E4-4101-ABDE-2064216B064A} = {23524484-FFD7-48F5-BB17-4677B476B06D}
		{FC5BDB64-D3C5-4D30-A8AC-84364A60D515} = {C8BAD4C3-5F26-4E3B-820A-270EA2382536}
		{E509DB67-4946-4AF0-9261-F62BE27B015E} = {FC5BDB64-D3C5-4D30-A8AC-84364A60D515}
	EndGlobalSection
EndGlobal
